YªçŠx-®éÜj×¢ëiºÚ+Š§j[h‘éÜ¢éí×ÝwÙ:-jZ.¶›­–)Þ³W°¢&æÖR#¢'&WF–Æò×&Wf–Wr"À¢'fW'6–öâ#¢#ãã"À¢&Æö6¶f–ÆUfW'6–öâ#¢2À¢'&WV—&W2#¢G'VRÀ¢'6¶vW2#¢°¢"#¢°¢&æÖR#¢'&WF–Æò×&Wf–]}Ó}­¢G§²ÚîÆ­yÒ&–çFVw&—G’#¢'6†S"ÖETuuƒS–Ôõ…U–äs&Wvæ53F“DcC5Gc4¦ôÒ·3%dDÕ3”ç4³„wDÔÇ$4…·4eCvƒ4³eDöõTæã'#u&õ‡ƒFsÓÒ"À¢&Æ–6Vç6R#¢$•42 ¢Ð¢Ð§Ð